
Microsoft Visual Studio Solution File, Format Version 12.00
Project("{8BC9CEB8-8B4A-11D0-8D11-00A0C91BC942}") = "AOC2023", "AOC2023\AOC2023.vcxproj", "{B6332C89-2255-4800-A03B-346B96ACDB5A}"
EndProject
Global
	GlobalSection(SolutionConfigurationPlatforms) = preSolution
		Debug|Any CPU = Debug|Any CPU
		Release|Any CPU = Release|Any CPU
	EndGlobalSection
	GlobalSection(ProjectConfigurationPlatforms) = postSolution
		{B6332C89-2255-4800-A03B-346B96ACDB5A}.Debug|Any CPU.ActiveCfg = Debug|Win32
		{B6332C89-2255-4800-A03B-346B96ACDB5A}.Debug|Any CPU.Build.0 = Debug|Win32
		{B6332C89-2255-4800-A03B-346B96ACDB5A}.Release|Any CPU.ActiveCfg = Release|Win32
		{B6332C89-2255-4800-A03B-346B96ACDB5A}.Release|Any CPU.Build.0 = Release|Win32
	EndGlobalSection
EndGlobal
